
Microsoft Visual Studio Solution File, Format Version 12.00
# Visual Studio Version 16
VisualStudioVersion = 16.0.29709.97
MinimumVisualStudioVersion = 10.0.40219.1
Project("{FAE04EC0-301F-11D3-BF4B-00C04F79EFBC}") = "largestOcean", "largestOcean\largestOcean.csproj", "{45C790DF-91F0-47FE-837C-5BF93DBEB4D8}"
EndProject
Global
	GlobalSection(SolutionConfigurationPlatforms) = preSolution
		Debug|Any CPU = Debug|Any CPU
		Release|Any CPU = Release|Any CPU
	EndGlobalSection
	GlobalSection(ProjectConfigurationPlatforms) = postSolution
		{45C790DF-91F0-47FE-837C-5BF93DBEB4D8}.Debug|Any CPU.ActiveCfg = Debug|Any CPU
		{45C790DF-91F0-47FE-837C-5BF93DBEB4D8}.Debug|Any CPU.Build.0 = Debug|Any CPU
		{45C790DF-91F0-47FE-837C-5BF93DBEB4D8}.Release|Any CPU.ActiveCfg = Release|Any CPU
		{45C790DF-91F0-47FE-837C-5BF93DBEB4D8}.Release|Any CPU.Build.0 = Release|Any CPU
	EndGlobalSection
	GlobalSection(SolutionProperties) = preSolution
		HideSolutionNode = FALSE
	EndGlobalSection
	GlobalSection(ExtensibilityGlobals) = postSolution
		SolutionGuid = {E33AC541-2E1A-42FF-938F-98240B180A8E}
	EndGlobalSection
EndGlobal
